
Microsoft Visual Studio Solution File, Format Version 12.00
# Visual Studio Version 17
VisualStudioVersion = 17.7.34024.191
MinimumVisualStudioVersion = 10.0.40219.1
Project("{2150E333-8FDC-42A3-9474-1A3956D46DE8}") = "Services", "Services", "{03E1FCF6-E05A-4C46-9413-C92A524F22D0}"
EndProject
Project("{2150E333-8FDC-42A3-9474-1A3956D46DE8}") = "Catalog", "Catalog", "{BEA367EC-67C0-48AC-B100-B79C5CBA28BC}"
EndProject
Project("{FAE04EC0-301F-11D3-BF4B-00C04F79EFBC}") = "Catalog.API", "Services\Catalog\Catalog.API\Catalog.API.csproj", "{486073C7-CE1D-4B2B-A666-12BAEB27EA0B}"
EndProject
Global
	GlobalSection(SolutionConfigurationPlatforms) = preSolution
		Debug|Any CPU = Debug|Any CPU
		Release|Any CPU = Release|Any CPU
	EndGlobalSection
	GlobalSection(ProjectConfigurationPlatforms) = postSolution
		{486073C7-CE1D-4B2B-A666-12BAEB27EA0B}.Debug|Any CPU.ActiveCfg = Debug|Any CPU
		{486073C7-CE1D-4B2B-A666-12BAEB27EA0B}.Debug|Any CPU.Build.0 = Debug|Any CPU
		{486073C7-CE1D-4B2B-A666-12BAEB27EA0B}.Release|Any CPU.ActiveCfg = Release|Any CPU
		{486073C7-CE1D-4B2B-A666-12BAEB27EA0B}.Release|Any CPU.Build.0 = Release|Any CPU
	EndGlobalSection
	GlobalSection(SolutionProperties) = preSolution
		HideSolutionNode = FALSE
	EndGlobalSection
	GlobalSection(NestedProjects) = preSolution
		{BEA367EC-67C0-48AC-B100-B79C5CBA28BC} = {03E1FCF6-E05A-4C46-9413-C92A524F22D0}
		{486073C7-CE1D-4B2B-A666-12BAEB27EA0B} = {BEA367EC-67C0-48AC-B100-B79C5CBA28BC}
	EndGlobalSection
	GlobalSection(ExtensibilityGlobals) = postSolution
		SolutionGuid = {72EA228F-E872-4D1D-A884-8DC4163481D6}
	EndGlobalSection
EndGlobal
